{
  "name": "A.R.M.A",
  "version": "1.0.0",
  "lockfileVersion": 1,
  "requires": true,
  "dependencies": {
    "@rooks/use-outside-click": {
      "version": "3.6.0",
      "resolved": "https://registry.npmjs.org/@rooks/use-outside-click/-/use-outside-click-3.6.0.tgz",
      "integrity": "sha512-DDxdcD9bDDArV2tBmh5okaJNee/7EWaC5DsPrjTxIhhvXPpUatizcn2qYLcvX7y1vYpd64Wyqvkb87E6fsIfEQ=="
    },
    "goober": {
      "version": "1.8.0",
      "resolved": "https://registry.npmjs.org/goober/-/goober-1.8.0.tgz",
      "integrity": "sha512-9ZFoOkBccexjqIgcwlhq7C/eCSkgTZX0BdNUkOnBFLedrJgo3R8lp9ckd/qqtngtF/JDyXSxJzwMU98kNjZ4Mw=="
    },
    "react-multi-select-component": {
      "version": "2.0.7",
      "resolved": "https://registry.npmjs.org/react-multi-select-component/-/react-multi-select-component-2.0.7.tgz",
      "integrity": "sha512-XewhqQdEHUUl28ZZcZWeChbNLcTv5SQo1pVSw+hNp4KlRS0can16bQpHu6cQWlJwwILYDkvQs6UQK0ObOm5rqw==",
      "requires": {
        "@rooks/use-outside-click": "^3.6.0",
        "goober": "^1.8.0"
      }
    }
  }
}
